// !$*UTF8*$!
{
	archiveVersion = 1;
	classes = {
	};
	objectVersion = 55;
	objects = {

/* Begin PBXBuildFile section */
		93827A8F287F713A005C1368 /* PokemonCollectionViewCell.swift in Sources */ = {isa = PBXBuildFile; fileRef = 93827A8E287F713A005C1368 /* PokemonCollectionViewCell.swift */; };
		93827A92287F7188005C1368 /* PokemonCellModel.swift in Sources */ = {isa = PBXBuildFile; fileRef = 93827A91287F7188005C1368 /* PokemonCellModel.swift */; };
		93827A95287F72AA005C1368 /* SnapKit in Frameworks */ = {isa = PBXBuildFile; productRef = 93827A94287F72A9005C1368 /* SnapKit */; };
		93827A96287F7526005C1368 /* Poppins-Bold.ttf in Resources */ = {isa = PBXBuildFile; fileRef = 93E9DE25287F65A600124574 /* Poppins-Bold.ttf */; };
		93827A97287F7528005C1368 /* Poppins-Regular.ttf in Resources */ = {isa = PBXBuildFile; fileRef = 93E9DE26287F65A600124574 /* Poppins-Regular.ttf */; };
		93E9DE0E287F5BA200124574 /* AppDelegate.swift in Sources */ = {isa = PBXBuildFile; fileRef = 93E9DE0D287F5BA200124574 /* AppDelegate.swift */; };
		93E9DE10287F5BA200124574 /* SceneDelegate.swift in Sources */ = {isa = PBXBuildFile; fileRef = 93E9DE0F287F5BA200124574 /* SceneDelegate.swift */; };
		93E9DE12287F5BA200124574 /* ViewController.swift in Sources */ = {isa = PBXBuildFile; fileRef = 93E9DE11287F5BA200124574 /* ViewController.swift */; };
		93E9DE17287F5BA400124574 /* Assets.xcassets in Resources */ = {isa = PBXBuildFile; fileRef = 93E9DE16287F5BA400124574 /* Assets.xcassets */; };
		93E9DE1A287F5BA400124574 /* LaunchScreen.storyboard in Resources */ = {isa = PBXBuildFile; fileRef = 93E9DE18287F5BA400124574 /* LaunchScreen.storyboard */; };
		93E9DE23287F653100124574 /* UIColors+Extension.swift in Sources */ = {isa = PBXBuildFile; fileRef = 93E9DE22287F653100124574 /* UIColors+Extension.swift */; };
		93E9DE28287F65B700124574 /* UIFont+Extension.swift in Sources */ = {isa = PBXBuildFile; fileRef = 93E9DE27287F65B700124574 /* UIFont+Extension.swift */; };
		93E9DE2B287F6B8300124574 /* HomeViewController.swift in Sources */ = {isa = PBXBuildFile; fileRef = 93E9DE2A287F6B8300124574 /* HomeViewController.swift */; };
		93E9DE2D287F6B9200124574 /* HomeView.swift in Sources */ = {isa = PBXBuildFile; fileRef = 93E9DE2C287F6B9200124574 /* HomeView.swift */; };
/* End PBXBuildFile section */

/* Begin PBXFileReference section */
		93827A8E287F713A005C1368 /* PokemonCollectionViewCell.swift */ = {isa = PBXFileReference; lastKnownFileType = sourcecode.swift; path = PokemonCollectionViewCell.swift; sourceTree = "<group>"; };
		93827A91287F7188005C1368 /* PokemonCellModel.swift */ = {isa = PBXFileReference; lastKnownFileType = sourcecode.swift; path = PokemonCellModel.swift; sourceTree = "<group>"; };
		93E9DE0A287F5BA200124574 /* pokedex.app */ = {isa = PBXFileReference; explicitFileType = wrapper.application; includeInIndex = 0; path = pokedex.app; sourceTree = BUILT_PRODUCTS_DIR; };
		93E9DE0D287F5BA200124574 /* AppDelegate.swift */ = {isa = PBXFileReference; lastKnownFileType = sourcecode.swift; path = AppDelegate.swift; sourceTree = "<group>"; };
		93E9DE0F287F5BA200124574 /* SceneDelegate.swift */ = {isa = PBXFileReference; lastKnownFileType = sourcecode.swift; path = SceneDelegate.swift; sourceTree = "<group>"; };
		93E9DE11287F5BA200124574 /* ViewController.swift */ = {isa = PBXFileReference; lastKnownFileType = sourcecode.swift; path = ViewController.swift; sourceTree = "<group>"; };
		93E9DE16287F5BA400124574 /* Assets.xcassets */ = {isa = PBXFileReference; lastKnownFileType = folder.assetcatalog; path = Assets.xcassets; sourceTree = "<group>"; };
		93E9DE19287F5BA400124574 /* Base */ = {isa = PBXFileReference; lastKnownFileType = file.storyboard; name = Base; path = Base.lproj/LaunchScreen.storyboard; sourceTree = "<group>"; };
		93E9DE1B287F5BA400124574 /* Info.plist */ = {isa = PBXFileReference; lastKnownFileType = text.plist.xml; path = Info.plist; sourceTree = "<group>"; };
		93E9DE22287F653100124574 /* UIColors+Extension.swift */ = {isa = PBXFileReference; lastKnownFileType = sourcecode.swift; path = "UIColors+Extension.swift"; sourceTree = "<group>"; };
		93E9DE25287F65A600124574 /* Poppins-Bold.ttf */ = {isa = PBXFileReference; lastKnownFileType = file; path = "Poppins-Bold.ttf"; sourceTree = "<group>"; };
		93E9DE26287F65A600124574 /* Poppins-Regular.ttf */ = {isa = PBXFileReference; lastKnownFileType = file; path = "Poppins-Regular.ttf"; sourceTree = "<group>"; };
		93E9DE27287F65B700124574 /* UIFont+Extension.swift */ = {isa = PBXFileReference; lastKnownFileType = sourcecode.swift; path = "UIFont+Extension.swift"; sourceTree = "<group>"; };
		93E9DE2A287F6B8300124574 /* HomeViewController.swift */ = {isa = PBXFileReference; lastKnownFileType = sourcecode.swift; path = HomeViewController.swift; sourceTree = "<group>"; };
		93E9DE2C287F6B9200124574 /* HomeView.swift */ = {isa = PBXFileReference; lastKnownFileType = sourcecode.swift; path = HomeView.swift; sourceTree = "<group>"; };
/* End PBXFileReference section */

/* Begin PBXFrameworksBuildPhase section */
		93E9DE07287F5BA200124574 /* Frameworks */ = {
			isa = PBXFrameworksBuildPhase;
			buildActionMask = 2147483647;
			files = (
				93827A95287F72AA005C1368 /* SnapKit in Frameworks */,
			);
			runOnlyForDeploymentPostprocessing = 0;
		};
/* End PBXFrameworksBuildPhase section */

/* Begin PBXGroup section */
		93827A90287F7174005C1368 /* Models */ = {
			isa = PBXGroup;
			children = (
				93827A91287F7188005C1368 /* PokemonCellModel.swift */,
			);
			path = Models;
			sourceTree = "<group>";
		};
		93E9DE01287F5BA200124574 = {
			isa = PBXGroup;
			children = (
				93E9DE0C287F5BA200124574 /* pokedex */,
				93E9DE0B287F5BA200124574 /* Products */,
			);
			sourceTree = "<group>";
		};
		93E9DE0B287F5BA200124574 /* Products */ = {
			isa = PBXGroup;
			children = (
				93E9DE0A287F5BA200124574 /* pokedex.app */,
			);
			name = Products;
			sourceTree = "<group>";
		};
		93E9DE0C287F5BA200124574 /* pokedex */ = {
			isa = PBXGroup;
			children = (
				93827A90287F7174005C1368 /* Models */,
				93E9DE2E287F700E00124574 /* Components */,
				93E9DE29287F6AFB00124574 /* Home */,
				93E9DE21287F651700124574 /* Sources */,
				93E9DE0D287F5BA200124574 /* AppDelegate.swift */,
				93E9DE0F287F5BA200124574 /* SceneDelegate.swift */,
				93E9DE11287F5BA200124574 /* ViewController.swift */,
				93E9DE18287F5BA400124574 /* LaunchScreen.storyboard */,
				93E9DE1B287F5BA400124574 /* Info.plist */,
			);
			path = pokedex;
			sourceTree = "<group>";
		};
		93E9DE21287F651700124574 /* Sources */ = {
			isa = PBXGroup;
			children = (
				93E9DE24287F656500124574 /* Fonts */,
				93E9DE16287F5BA400124574 /* Assets.xcassets */,
				93E9DE22287F653100124574 /* UIColors+Extension.swift */,
			);
			path = Sources;
			sourceTree = "<group>";
		};
		93E9DE24287F656500124574 /* Fonts */ = {
			isa = PBXGroup;
			children = (
				93E9DE25287F65A600124574 /* Poppins-Bold.ttf */,
				93E9DE26287F65A600124574 /* Poppins-Regular.ttf */,
				93E9DE27287F65B700124574 /* UIFont+Extension.swift */,
			);
			path = Fonts;
			sourceTree = "<group>";
		};
		93E9DE29287F6AFB00124574 /* Home */ = {
			isa = PBXGroup;
			children = (
				93E9DE2A287F6B8300124574 /* HomeViewController.swift */,
				93E9DE2C287F6B9200124574 /* HomeView.swift */,
			);
			path = Home;
			sourceTree = "<group>";
		};
		93E9DE2E287F700E00124574 /* Components */ = {
			isa = PBXGroup;
			children = (
				93827A8E287F713A005C1368 /* PokemonCollectionViewCell.swift */,
			);
			path = Components;
			sourceTree = "<group>";
		};
/* End PBXGroup section */

/* Begin PBXNativeTarget section */
		93E9DE09287F5BA200124574 /* pokedex */ = {
			isa = PBXNativeTarget;
			buildConfigurationList = 93E9DE1E287F5BA400124574 /* Build configuration list for PBXNativeTarget "pokedex" */;
			buildPhases = (
				93E9DE06287F5BA200124574 /* Sources */,
				93E9DE07287F5BA200124574 /* Frameworks */,
				93E9DE08287F5BA200124574 /* Resources */,
			);
			buildRules = (
			);
			dependencies = (
			);
			name = pokedex;
			packageProductDependencies = (
				93827A94287F72A9005C1368 /* SnapKit */,
			);
			productName = pokedex;
			productReference = 93E9DE0A287F5BA200124574 /* pokedex.app */;
			productType = "com.apple.product-type.application";
		};
/* End PBXNativeTarget section */

/* Begin PBXProject section */
		93E9DE02287F5BA200124574 /* Project object */ = {
			isa = PBXProject;
			attributes = {
				BuildIndependentTargetsInParallel = 1;
				LastSwiftUpdateCheck = 1310;
				LastUpgradeCheck = 1310;
				TargetAttributes = {
					93E9DE09287F5BA200124574 = {
						CreatedOnToolsVersion = 13.1;
					};
				};
			};
			buildConfigurationList = 93E9DE05287F5BA200124574 /* Build configuration list for PBXProject "pokedex" */;
			compatibilityVersion = "Xcode 13.0";
			developmentRegion = en;
			hasScannedForEncodings = 0;
			knownRegions = (
				en,
				Base,
			);
			mainGroup = 93E9DE01287F5BA200124574;
			packageReferences = (
				93827A93287F72A9005C1368 /* XCRemoteSwiftPackageReference "SnapKit" */,
			);
			productRefGroup = 93E9DE0B287F5BA200124574 /* Products */;
			projectDirPath = "";
			projectRoot = "";
			targets = (
				93E9DE09287F5BA200124574 /* pokedex */,
			);
		};
/* End PBXProject section */

/* Begin PBXResourcesBuildPhase section */
		93E9DE08287F5BA200124574 /* Resources */ = {
			isa = PBXResourcesBuildPhase;
			buildActionMask = 2147483647;
			files = (
				93E9DE1A287F5BA400124574 /* LaunchScreen.storyboard in Resources */,
				93827A96287F7526005C1368 /* Poppins-Bold.ttf in Resources */,
				93E9DE17287F5BA400124574 /* Assets.xcassets in Resources */,
				93827A97287F7528005C1368 /* Poppins-Regular.ttf in Resources */,
			);
			runOnlyForDeploymentPostprocessing = 0;
		};
/* End PBXResourcesBuildPhase section */

/* Begin PBXSourcesBuildPhase section */
		93E9DE06287F5BA200124574 /* Sources */ = {
			isa = PBXSourcesBuildPhase;
			buildActionMask = 2147483647;
			files = (
				93E9DE12287F5BA200124574 /* ViewController.swift in Sources */,
				93E9DE2D287F6B9200124574 /* HomeView.swift in Sources */,
				93827A8F287F713A005C1368 /* PokemonCollectionViewCell.swift in Sources */,
				93E9DE0E287F5BA200124574 /* AppDelegate.swift in Sources */,
				93827A92287F7188005C1368 /* PokemonCellModel.swift in Sources */,
				93E9DE10287F5BA200124574 /* SceneDelegate.swift in Sources */,
				93E9DE28287F65B700124574 /* UIFont+Extension.swift in Sources */,
				93E9DE23287F653100124574 /* UIColors+Extension.swift in Sources */,
				93E9DE2B287F6B8300124574 /* HomeViewController.swift in Sources */,
			);
			runOnlyForDeploymentPostprocessing = 0;
		};
/* End PBXSourcesBuildPhase section */

/* Begin PBXVariantGroup section */
		93E9DE18287F5BA400124574 /* LaunchScreen.storyboard */ = {
			isa = PBXVariantGroup;
			children = (
				93E9DE19287F5BA400124574 /* Base */,
			);
			name = LaunchScreen.storyboard;
			sourceTree = "<group>";
		};
/* End PBXVariantGroup section */

/* Begin XCBuildConfiguration section */
		93E9DE1C287F5BA400124574 /* Debug */ = {
			isa = XCBuildConfiguration;
			buildSettings = {
				ALWAYS_SEARCH_USER_PATHS = NO;
				CLANG_ANALYZER_NONNULL = YES;
				CLANG_ANALYZER_NUMBER_OBJECT_CONVERSION = YES_AGGRESSIVE;
				CLANG_CXX_LANGUAGE_STANDARD = "gnu++17";
				CLANG_CXX_LIBRARY = "libc++";
				CLANG_ENABLE_MODULES = YES;
				CLANG_ENABLE_OBJC_ARC = YES;
				CLANG_ENABLE_OBJC_WEAK = YES;
				CLANG_WARN_BLOCK_CAPTURE_AUTORELEASING = YES;
				CLANG_WARN_BOOL_CONVERSION = YES;
				CLANG_WARN_COMMA = YES;
				CLANG_WARN_CONSTANT_CONVERSION = YES;
				CLANG_WARN_DEPRECATED_OBJC_IMPLEMENTATIONS = YES;
				CLANG_WARN_DIRECT_OBJC_ISA_USAGE = YES_ERROR;
				CLANG_WARN_DOCUMENTATION_COMMENTS = YES;
				CLANG_WARN_EMPTY_BODY = YES;
				CLANG_WARN_ENUM_CONVERSION = YES;
				CLANG_WARN_INFINITE_RECURSION = YES;
				CLANG_WARN_INT_CONVERSION = YES;
				CLANG_WARN_NON_LITERAL_NULL_CONVERSION = YES;
				CLANG_WARN_OBJC_IMPLICIT_RETAIN_SELF = YES;
				CLANG_WARN_OBJC_LITERAL_CONVERSION = YES;
				CLANG_WARN_OBJC_ROOT_CLASS = YES_ERROR;
				CLANG_WARN_QUOTED_INCLUDE_IN_FRAMEWORK_HEADER = YES;
				CLANG_WARN_RANGE_LOOP_ANALYSIS = YES;
				CLANG_WARN_STRICT_PROTOTYPES = YES;
				CLANG_WARN_SUSPICIOUS_MOVE = YES;
				CLANG_WARN_UNGUARDED_AVAILABILITY = YES_AGGRESSIVE;
				CLANG_WARN_UNREACHABLE_CODE = YES;
				CLANG_WARN__DUPLICATE_METHOD_MATCH = YES;
				COPY_PHASE_STRIP = NO;
				DEBUG_INFORMATION_FORMAT = dwarf;
				ENABLE_STRICT_OBJC_MSGSEND = YES;
				ENABLE_TESTABILITY = YES;
				GCC_C_LANGUAGE_STANDARD = gnu11;
				GCC_DYNAMIC_NO_PIC = NO;
				GCC_NO_COMMON_BLOCKS = YES;
				GCC_OPTIMIZATION_LEVEL = 0;
				GCC_PREPROCESSOR_DEFINITIONS = (
					"DEBUG=1",
					"$(inherited)",
				);
				GCC_WARN_64_TO_32_BIT_CONVERSION = YES;
				GCC_WARN_ABOUT_RETURN_TYPE = YES_ERROR;
				GCC_WARN_UNDECLARED_SELECTOR = YES;
				GCC_WARN_UNINITIALIZED_AUTOS = YES_AGGRESSIVE;
				GCC_WARN_UNUSED_FUNCTION = YES;
				GCC_WARN_UNUSED_VARIABLE = YES;
				IPHONEOS_DEPLOYMENT_TARGET = 15.0;
				MTL_ENABLE_DEBUG_INFO = INCLUDE_SOURCE;
				MTL_FAST_MATH = YES;
				ONLY_ACTIVE_ARCH = YES;
				SDKROOT = iphoneos;
				SWIFT_ACTIVE_COMPILATION_CONDITIONS = DEBUG;
				SWIFT_OPTIMIZATION_LEVEL = "-Onone";
			};
			name = Debug;
		};
		93E9DE1D287F5BA400124574 /* Release */ = {
			isa = XCBuildConfiguration;
			buildSettings = {
				ALWAYS_SEARCH_USER_PATHS = NO;
				CLANG_ANALYZER_NONNULL = YES;
				CLANG_ANALYZER_NUMBER_OBJECT_CONVERSION = YES_AGGRESSIVE;
				CLANG_CXX_LANGUAGE_STANDARD = "gnu++17";
				CLANG_CXX_LIBRARY = "libc++";
				CLANG_ENABLE_MODULES = YES;
				CLANG_ENABLE_OBJC_ARC = YES;
				CLANG_ENABLE_OBJC_WEAK = YES;
				CLANG_WARN_BLOCK_CAPTURE_AUTORELEASING = YES;
				CLANG_WARN_BOOL_CONVERSION = YES;
				CLANG_WARN_COMMA = YES;
				CLANG_WARN_CONSTANT_CONVERSION = YES;
				CLANG_WARN_DEPRECATED_OBJC_IMPLEMENTATIONS = YES;
				CLANG_WARN_DIRECT_OBJC_ISA_USAGE = YES_ERROR;
				CLANG_WARN_DOCUMENTATION_COMMENTS = YES;
				CLANG_WARN_EMPTY_BODY = YES;
				CLANG_WARN_ENUM_CONVERSION = YES;
				CLANG_WARN_INFINITE_RECURSION = YES;
				CLANG_WARN_INT_CONVERSION = YES;
				CLANG_WARN_NON_LITERAL_NULL_CONVERSION = YES;
				CLANG_WARN_OBJC_IMPLICIT_RETAIN_SELF = YES;
				CLANG_WARN_OBJC_LITERAL_CONVERSION = YES;
				CLANG_WARN_OBJC_ROOT_CLASS = YES_ERROR;
				CLANG_WARN_QUOTED_INCLUDE_IN_FRAMEWORK_HEADER = YES;
				CLANG_WARN_RANGE_LOOP_ANALYSIS = YES;
				CLANG_WARN_STRICT_PROTOTYPES = YES;
				CLANG_WARN_SUSPICIOUS_MOVE = YES;
				CLANG_WARN_UNGUARDED_AVAILABILITY = YES_AGGRESSIVE;
				CLANG_WARN_UNREACHABLE_CODE = YES;
				CLANG_WARN__DUPLICATE_METHOD_MATCH = YES;
				COPY_PHASE_STRIP = NO;
				DEBUG_INFORMATION_FORMAT = "dwarf-with-dsym";
				ENABLE_NS_ASSERTIONS = NO;
				ENABLE_STRICT_OBJC_MSGSEND = YES;
				GCC_C_LANGUAGE_STANDARD = gnu11;
				GCC_NO_COMMON_BLOCKS = YES;
				GCC_WARN_64_TO_32_BIT_CONVERSION = YES;
				GCC_WARN_ABOUT_RETURN_TYPE = YES_ERROR;
				GCC_WARN_UNDECLARED_SELECTOR = YES;
				GCC_WARN_UNINITIALIZED_AUTOS = YES_AGGRESSIVE;
				GCC_WARN_UNUSED_FUNCTION = YES;
				GCC_WARN_UNUSED_VARIABLE = YES;
				IPHONEOS_DEPLOYMENT_TARGET = 15.0;
				MTL_ENABLE_DEBUG_INFO = NO;
				MTL_FAST_MATH = YES;
				SDKROOT = iphoneos;
				SWIFT_COMPILATION_MODE = wholemodule;
				SWIFT_OPTIMIZATION_LEVEL = "-O";
				VALIDATE_PRODUCT = YES;
			};
			name = Release;
		};
		93E9DE1F287F5BA400124574 /* Debug */ = {
			isa = XCBuildConfiguration;
			buildSettings = {
				ASSETCATALOG_COMPILER_APPICON_NAME = AppIcon;
				ASSETCATALOG_COMPILER_GLOBAL_ACCENT_COLOR_NAME = AccentColor;
				CODE_SIGN_STYLE = Automatic;
				CURRENT_PROJECT_VERSION = 1;
				DEVELOPMENT_TEAM = SWWK43D7PN;
				GENERATE_INFOPLIST_FILE = YES;
				INFOPLIST_FILE = pokedex/Info.plist;
				INFOPLIST_KEY_UIApplicationSupportsIndirectInputEvents = YES;
				INFOPLIST_KEY_UILaunchStoryboardName = LaunchScreen;
				INFOPLIST_KEY_UISupportedInterfaceOrientations_iPad = "UIInterfaceOrientationPortrait UIInterfaceOrientationPortraitUpsideDown UIInterfaceOrientationLandscapeLeft UIInterfaceOrientationLandscapeRight";
				INFOPLIST_KEY_UISupportedInterfaceOrientations_iPhone = "UIInterfaceOrientationPortrait UIInterfaceOrientationLandscapeLeft UIInterfaceOrientationLandscapeRight";
				LD_RUNPATH_SEARCH_PATHS = (
					"$(inherited)",
					"@executable_path/Frameworks",
				);
				MARKETING_VERSION = 1.0;
				PRODUCT_BUNDLE_IDENTIFIER = sanarocha.pokedex;
				PRODUCT_NAME = "$(TARGET_NAME)";
				SWIFT_EMIT_LOC_STRINGS = YES;
				SWIFT_VERSION = 5.0;
				TARGETED_DEVICE_FAMILY = "1,2";
			};
			name = Debug;
		};
		93E9DE20287F5BA400124574 /* Release */ = {
			isa = XCBuildConfiguration;
			buildSettings = {
				ASSETCATALOG_COMPILER_APPICON_NAME = AppIcon;
				ASSETCATALOG_COMPILER_GLOBAL_ACCENT_COLOR_NAME = AccentColor;
				CODE_SIGN_STYLE = Automatic;
				CURRENT_PROJECT_VERSION = 1;
				DEVELOPMENT_TEAM = SWWK43D7PN;
				GENERATE_INFOPLIST_FILE = YES;
				INFOPLIST_FILE = pokedex/Info.plist;
				INFOPLIST_KEY_UIApplicationSupportsIndirectInputEvents = YES;
				INFOPLIST_KEY_UILaunchStoryboardName = LaunchScreen;
				INFOPLIST_KEY_UISupportedInterfaceOrientations_iPad = "UIInterfaceOrientationPortrait UIInterfaceOrientationPortraitUpsideDown UIInterfaceOrientationLandscapeLeft UIInterfaceOrientationLandscapeRight";
				INFOPLIST_KEY_UISupportedInterfaceOrientations_iPhone = "UIInterfaceOrientationPortrait UIInterfaceOrientationLandscapeLeft UIInterfaceOrientationLandscapeRight";
				LD_RUNPATH_SEARCH_PATHS = (
					"$(inherited)",
					"@executable_path/Frameworks",
				);
				MARKETING_VERSION = 1.0;
				PRODUCT_BUNDLE_IDENTIFIER = sanarocha.pokedex;
				PRODUCT_NAME = "$(TARGET_NAME)";
				SWIFT_EMIT_LOC_STRINGS = YES;
				SWIFT_VERSION = 5.0;
				TARGETED_DEVICE_FAMILY = "1,2";
			};
			name = Release;
		};
/* End XCBuildConfiguration section */

/* Begin XCConfigurationList section */
		93E9DE05287F5BA200124574 /* Build configuration list for PBXProject "pokedex" */ = {
			isa = XCConfigurationList;
			buildConfigurations = (
				93E9DE1C287F5BA400124574 /* Debug */,
				93E9DE1D287F5BA400124574 /* Release */,
			);
			defaultConfigurationIsVisible = 0;
			defaultConfigurationName = Release;
		};
		93E9DE1E287F5BA400124574 /* Build configuration list for PBXNativeTarget "pokedex" */ = {
			isa = XCConfigurationList;
			buildConfigurations = (
				93E9DE1F287F5BA400124574 /* Debug */,
				93E9DE20287F5BA400124574 /* Release */,
			);
			defaultConfigurationIsVisible = 0;
			defaultConfigurationName = Release;
		};
/* End XCConfigurationList section */

/* Begin XCRemoteSwiftPackageReference section */
		93827A93287F72A9005C1368 /* XCRemoteSwiftPackageReference "SnapKit" */ = {
			isa = XCRemoteSwiftPackageReference;
			repositoryURL = "https://github.com/SnapKit/SnapKit";
			requirement = {
				branch = develop;
				kind = branch;
			};
		};
/* End XCRemoteSwiftPackageReference section */

/* Begin XCSwiftPackageProductDependency section */
		93827A94287F72A9005C1368 /* SnapKit */ = {
			isa = XCSwiftPackageProductDependency;
			package = 93827A93287F72A9005C1368 /* XCRemoteSwiftPackageReference "SnapKit" */;
			productName = SnapKit;
		};
/* End XCSwiftPackageProductDependency section */
	};
	rootObject = 93E9DE02287F5BA200124574 /* Project object */;
}
